
Microsoft Visual Studio Solution File, Format Version 12.00
# Visual Studio 2013
VisualStudioVersion = 12.0.30501.0
MinimumVisualStudioVersion = 10.0.40219.1
Project("{FAE04EC0-301F-11D3-BF4B-00C04F79EFBC}") = "EcConfig.Core", "EcConfig.Core\EcConfig.Core.csproj", "{E2B281C3-C141-4170-98D1-506DAE95093D}"
EndProject
Project("{FAE04EC0-301F-11D3-BF4B-00C04F79EFBC}") = "EcConfig.Tests", "EcConfig.Tests\EcConfig.Tests.csproj", "{C16E03AE-538D-4FC9-BED6-54F3476C67E7}"
EndProject
Project("{FAE04EC0-301F-11D3-BF4B-00C04F79EFBC}") = "EcConfig.Example.Console", "EcConfig.Example.Console\EcConfig.Example.Console.csproj", "{28E4B605-372E-42F9-BF62-F1C4DC5E07DA}"
EndProject
Project("{FAE04EC0-301F-11D3-BF4B-00C04F79EFBC}") = "EcConfig.NuGet.Packager", "EcConfig.NuGet.Packager\EcConfig.NuGet.Packager.csproj", "{0451BAEF-DF2E-4B98-8644-94EE9415E389}"
EndProject
Project("{FAE04EC0-301F-11D3-BF4B-00C04F79EFBC}") = "EcConfig.Example.Web", "EcConfig.Example.Web\EcConfig.Example.Web.csproj", "{0C7D2E27-B72E-48A1-B18B-0329323491DF}"
EndProject
Global
	GlobalSection(SolutionConfigurationPlatforms) = preSolution
		Debug|Any CPU = Debug|Any CPU
		PublishPackage|Any CPU = PublishPackage|Any CPU
		Release|Any CPU = Release|Any CPU
	EndGlobalSection
	GlobalSection(ProjectConfigurationPlatforms) = postSolution
		{E2B281C3-C141-4170-98D1-506DAE95093D}.Debug|Any CPU.ActiveCfg = Debug|Any CPU
		{E2B281C3-C141-4170-98D1-506DAE95093D}.Debug|Any CPU.Build.0 = Debug|Any CPU
		{E2B281C3-C141-4170-98D1-506DAE95093D}.PublishPackage|Any CPU.ActiveCfg = PublishPackage|Any CPU
		{E2B281C3-C141-4170-98D1-506DAE95093D}.PublishPackage|Any CPU.Build.0 = PublishPackage|Any CPU
		{E2B281C3-C141-4170-98D1-506DAE95093D}.Release|Any CPU.ActiveCfg = Release|Any CPU
		{E2B281C3-C141-4170-98D1-506DAE95093D}.Release|Any CPU.Build.0 = Release|Any CPU
		{C16E03AE-538D-4FC9-BED6-54F3476C67E7}.Debug|Any CPU.ActiveCfg = Debug|Any CPU
		{C16E03AE-538D-4FC9-BED6-54F3476C67E7}.Debug|Any CPU.Build.0 = Debug|Any CPU
		{C16E03AE-538D-4FC9-BED6-54F3476C67E7}.PublishPackage|Any CPU.ActiveCfg = PublishPackage|Any CPU
		{C16E03AE-538D-4FC9-BED6-54F3476C67E7}.PublishPackage|Any CPU.Build.0 = PublishPackage|Any CPU
		{C16E03AE-538D-4FC9-BED6-54F3476C67E7}.Release|Any CPU.ActiveCfg = Release|Any CPU
		{C16E03AE-538D-4FC9-BED6-54F3476C67E7}.Release|Any CPU.Build.0 = Release|Any CPU
		{28E4B605-372E-42F9-BF62-F1C4DC5E07DA}.Debug|Any CPU.ActiveCfg = Debug|Any CPU
		{28E4B605-372E-42F9-BF62-F1C4DC5E07DA}.Debug|Any CPU.Build.0 = Debug|Any CPU
		{28E4B605-372E-42F9-BF62-F1C4DC5E07DA}.PublishPackage|Any CPU.ActiveCfg = PublishPackage|Any CPU
		{28E4B605-372E-42F9-BF62-F1C4DC5E07DA}.PublishPackage|Any CPU.Build.0 = PublishPackage|Any CPU
		{28E4B605-372E-42F9-BF62-F1C4DC5E07DA}.Release|Any CPU.ActiveCfg = Release|Any CPU
		{28E4B605-372E-42F9-BF62-F1C4DC5E07DA}.Release|Any CPU.Build.0 = Release|Any CPU
		{0451BAEF-DF2E-4B98-8644-94EE9415E389}.Debug|Any CPU.ActiveCfg = Debug|Any CPU
		{0451BAEF-DF2E-4B98-8644-94EE9415E389}.PublishPackage|Any CPU.ActiveCfg = PublishPackage|Any CPU
		{0451BAEF-DF2E-4B98-8644-94EE9415E389}.PublishPackage|Any CPU.Build.0 = PublishPackage|Any CPU
		{0451BAEF-DF2E-4B98-8644-94EE9415E389}.Release|Any CPU.ActiveCfg = Release|Any CPU
		{0C7D2E27-B72E-48A1-B18B-0329323491DF}.Debug|Any CPU.ActiveCfg = Debug|Any CPU
		{0C7D2E27-B72E-48A1-B18B-0329323491DF}.Debug|Any CPU.Build.0 = Debug|Any CPU
		{0C7D2E27-B72E-48A1-B18B-0329323491DF}.PublishPackage|Any CPU.ActiveCfg = Release|Any CPU
		{0C7D2E27-B72E-48A1-B18B-0329323491DF}.PublishPackage|Any CPU.Build.0 = Release|Any CPU
		{0C7D2E27-B72E-48A1-B18B-0329323491DF}.Release|Any CPU.ActiveCfg = Release|Any CPU
		{0C7D2E27-B72E-48A1-B18B-0329323491DF}.Release|Any CPU.Build.0 = Release|Any CPU
	EndGlobalSection
	GlobalSection(SolutionProperties) = preSolution
		HideSolutionNode = FALSE
	EndGlobalSection
EndGlobal
